// !$*UTF8*$!
{
	archiveVersion = 1;
	classes = {
	};
	objectVersion = 56;
	objects = {

/* Begin PBXBuildFile section */
		2D011CD82A2FCDD500D69287 /* AppDelegate.swift in Sources */ = {isa = PBXBuildFile; fileRef = 2D011CD72A2FCDD500D69287 /* AppDelegate.swift */; };
		2D011CDA2A2FCDD500D69287 /* SceneDelegate.swift in Sources */ = {isa = PBXBuildFile; fileRef = 2D011CD92A2FCDD500D69287 /* SceneDelegate.swift */; };
		2D011CDC2A2FCDD500D69287 /* ViewController.swift in Sources */ = {isa = PBXBuildFile; fileRef = 2D011CDB2A2FCDD500D69287 /* ViewController.swift */; };
		2D011CDF2A2FCDD500D69287 /* Main.storyboard in Resources */ = {isa = PBXBuildFile; fileRef = 2D011CDD2A2FCDD500D69287 /* Main.storyboard */; };
		2D011CE12A2FCDD700D69287 /* Assets.xcassets in Resources */ = {isa = PBXBuildFile; fileRef = 2D011CE02A2FCDD700D69287 /* Assets.xcassets */; };
		2D011CE42A2FCDD700D69287 /* LaunchScreen.storyboard in Resources */ = {isa = PBXBuildFile; fileRef = 2D011CE22A2FCDD700D69287 /* LaunchScreen.storyboard */; };
		2D011CEF2A2FCDD700D69287 /* I_am_RichTests.swift in Sources */ = {isa = PBXBuildFile; fileRef = 2D011CEE2A2FCDD700D69287 /* I_am_RichTests.swift */; };
		2D011CF92A2FCDD700D69287 /* I_am_RichUITests.swift in Sources */ = {isa = PBXBuildFile; fileRef = 2D011CF82A2FCDD700D69287 /* I_am_RichUITests.swift */; };
		2D011CFB2A2FCDD700D69287 /* I_am_RichUITestsLaunchTests.swift in Sources */ = {isa = PBXBuildFile; fileRef = 2D011CFA2A2FCDD700D69287 /* I_am_RichUITestsLaunchTests.swift */; };
/* End PBXBuildFile section */

/* Begin PBXContainerItemProxy section */
		2D011CEB2A2FCDD700D69287 /* PBXContainerItemProxy */ = {
			isa = PBXContainerItemProxy;
			containerPortal = 2D011CCC2A2FCDD500D69287 /* Project object */;
			proxyType = 1;
			remoteGlobalIDString = 2D011CD32A2FCDD500D69287;
			remoteInfo = "I am Rich";
		};
		2D011CF52A2FCDD700D69287 /* PBXContainerItemProxy */ = {
			isa = PBXContainerItemProxy;
			containerPortal = 2D011CCC2A2FCDD500D69287 /* Project object */;
			proxyType = 1;
			remoteGlobalIDString = 2D011CD32A2FCDD500D69287;
			remoteInfo = "I am Rich";
		};
/* End PBXContainerItemProxy section */

/* Begin PBXFileReference section */
		2D011CD42A2FCDD500D69287 /* I am Rich.app */ = {isa = PBXFileReference; explicitFileType = wrapper.application; includeInIndex = 0; path = "I am Rich.app"; sourceTree = BUILT_PRODUCTS_DIR; };
		2D011CD72A2FCDD500D69287 /* AppDelegate.swift */ = {isa = PBXFileReference; lastKnownFileType = sourcecode.swift; path = AppDelegate.swift; sourceTree = "<group>"; };
		2D011CD92A2FCDD500D69287 /* SceneDelegate.swift */ = {isa = PBXFileReference; lastKnownFileType = sourcecode.swift; path = SceneDelegate.swift; sourceTree = "<group>"; };
		2D011CDB2A2FCDD500D69287 /* ViewController.swift */ = {isa = PBXFileReference; lastKnownFileType = sourcecode.swift; path = ViewController.swift; sourceTree = "<group>"; };
		2D011CDE2A2FCDD500D69287 /* Base */ = {isa = PBXFileReference; lastKnownFileType = file.storyboard; name = Base; path = Base.lproj/Main.storyboard; sourceTree = "<group>"; };
		2D011CE02A2FCDD700D69287 /* Assets.xcassets */ = {isa = PBXFileReference; lastKnownFileType = folder.assetcatalog; path = Assets.xcassets; sourceTree = "<group>"; };
		2D011CE32A2FCDD700D69287 /* Base */ = {isa = PBXFileReference; lastKnownFileType = file.storyboard; name = Base; path = Base.lproj/LaunchScreen.storyboard; sourceTree = "<group>"; };
		2D011CE52A2FCDD700D69287 /* Info.plist */ = {isa = PBXFileReference; lastKnownFileType = text.plist.xml; path = Info.plist; sourceTree = "<group>"; };
		2D011CEA2A2FCDD700D69287 /* I am RichTests.xctest */ = {isa = PBXFileReference; explicitFileType = wrapper.cfbundle; includeInIndex = 0; path = "I am RichTests.xctest"; sourceTree = BUILT_PRODUCTS_DIR; };
		2D011CEE2A2FCDD700D69287 /* I_am_RichTests.swift */ = {isa = PBXFileReference; lastKnownFileType = sourcecode.swift; path = I_am_RichTests.swift; sourceTree = "<group>"; };
		2D011CF42A2FCDD700D69287 /* I am RichUITests.xctest */ = {isa = PBXFileReference; explicitFileType = wrapper.cfbundle; includeInIndex = 0; path = "I am RichUITests.xctest"; sourceTree = BUILT_PRODUCTS_DIR; };
		2D011CF82A2FCDD700D69287 /* I_am_RichUITests.swift */ = {isa = PBXFileReference; lastKnownFileType = sourcecode.swift; path = I_am_RichUITests.swift; sourceTree = "<group>"; };
		2D011CFA2A2FCDD700D69287 /* I_am_RichUITestsLaunchTests.swift */ = {isa = PBXFileReference; lastKnownFileType = sourcecode.swift; path = I_am_RichUITestsLaunchTests.swift; sourceTree = "<group>"; };
/* End PBXFileReference section */

/* Begin PBXFrameworksBuildPhase section */
		2D011CD12A2FCDD500D69287 /* Frameworks */ = {
			isa = PBXFrameworksBuildPhase;
			buildActionMask = 2147483647;
			files = (
			);
			runOnlyForDeploymentPostprocessing = 0;
		};
		2D011CE72A2FCDD700D69287 /* Frameworks */ = {
			isa = PBXFrameworksBuildPhase;
			buildActionMask = 2147483647;
			files = (
			);
			runOnlyForDeploymentPostprocessing = 0;
		};
		2D011CF12A2FCDD700D69287 /* Frameworks */ = {
			isa = PBXFrameworksBuildPhase;
			buildActionMask = 2147483647;
			files = (
			);
			runOnlyForDeploymentPostprocessing = 0;
		};
/* End PBXFrameworksBuildPhase section */

/* Begin PBXGroup section */
		2D011CCB2A2FCDD500D69287 = {
			isa = PBXGroup;
			children = (
				2D011CD62A2FCDD500D69287 /* I am Rich */,
				2D011CED2A2FCDD700D69287 /* I am RichTests */,
				2D011CF72A2FCDD700D69287 /* I am RichUITests */,
				2D011CD52A2FCDD500D69287 /* Products */,
			);
			sourceTree = "<group>";
		};
		2D011CD52A2FCDD500D69287 /* Products */ = {
			isa = PBXGroup;
			children = (
				2D011CD42A2FCDD500D69287 /* I am Rich.app */,
				2D011CEA2A2FCDD700D69287 /* I am RichTests.xctest */,
				2D011CF42A2FCDD700D69287 /* I am RichUITests.xctest */,
			);
			name = Products;
			sourceTree = "<group>";
		};
		2D011CD62A2FCDD500D69287 /* I am Rich */ = {
			isa = PBXGroup;
			children = (
				2D011CD72A2FCDD500D69287 /* AppDelegate.swift */,
				2D011CD92A2FCDD500D69287 /* SceneDelegate.swift */,
				2D011CDB2A2FCDD500D69287 /* ViewController.swift */,
				2D011CDD2A2FCDD500D69287 /* Main.storyboard */,
				2D011CE02A2FCDD700D69287 /* Assets.xcassets */,
				2D011CE22A2FCDD700D69287 /* LaunchScreen.storyboard */,
				2D011CE52A2FCDD700D69287 /* Info.plist */,
			);
			path = "I am Rich";
			sourceTree = "<group>";
		};
		2D011CED2A2FCDD700D69287 /* I am RichTests */ = {
			isa = PBXGroup;
			children = (
				2D011CEE2A2FCDD700D69287 /* I_am_RichTests.swift */,
			);
			path = "I am RichTests";
			sourceTree = "<group>";
		};
		2D011CF72A2FCDD700D69287 /* I am RichUITests */ = {
			isa = PBXGroup;
			children = (
				2D011CF82A2FCDD700D69287 /* I_am_RichUITests.swift */,
				2D011CFA2A2FCDD700D69287 /* I_am_RichUITestsLaunchTests.swift */,
			);
			path = "I am RichUITests";
			sourceTree = "<group>";
		};
/* End PBXGroup section */

/* Begin PBXNativeTarget section */
		2D011CD32A2FCDD500D69287 /* I am Rich */ = {
			isa = PBXNativeTarget;
			buildConfigurationList = 2D011CFE2A2FCDD700D69287 /* Build configuration list for PBXNativeTarget "I am Rich" */;
			buildPhases = (
				2D011CD02A2FCDD500D69287 /* Sources */,
				2D011CD12A2FCDD500D69287 /* Frameworks */,
				2D011CD22A2FCDD500D69287 /* Resources */,
			);
			buildRules = (
			);
			dependencies = (
			);
			name = "I am Rich";
			productName = "I am Rich";
			productReference = 2D011CD42A2FCDD500D69287 /* I am Rich.app */;
			productType = "com.apple.product-type.application";
		};
		2D011CE92A2FCDD700D69287 /* I am RichTests */ = {
			isa = PBXNativeTarget;
			buildConfigurationList = 2D011D012A2FCDD700D69287 /* Build configuration list for PBXNativeTarget "I am RichTests" */;
			buildPhases = (
				2D011CE62A2FCDD700D69287 /* Sources */,
				2D011CE72A2FCDD700D69287 /* Frameworks */,
				2D011CE82A2FCDD700D69287 /* Resources */,
			);
			buildRules = (
			);
			dependencies = (
				2D011CEC2A2FCDD700D69287 /* PBXTargetDependency */,
			);
			name = "I am RichTests";
			productName = "I am RichTests";
			productReference = 2D011CEA2A2FCDD700D69287 /* I am RichTests.xctest */;
			productType = "com.apple.product-type.bundle.unit-test";
		};
		2D011CF32A2FCDD700D69287 /* I am RichUITests */ = {
			isa = PBXNativeTarget;
			buildConfigurationList = 2D011D042A2FCDD700D69287 /* Build configuration list for PBXNativeTarget "I am RichUITests" */;
			buildPhases = (
				2D011CF02A2FCDD700D69287 /* Sources */,
				2D011CF12A2FCDD700D69287 /* Frameworks */,
				2D011CF22A2FCDD700D69287 /* Resources */,
			);
			buildRules = (
			);
			dependencies = (
				2D011CF62A2FCDD700D69287 /* PBXTargetDependency */,
			);
			name = "I am RichUITests";
			productName = "I am RichUITests";
			productReference = 2D011CF42A2FCDD700D69287 /* I am RichUITests.xctest */;
			productType = "com.apple.product-type.bundle.ui-testing";
		};
/* End PBXNativeTarget section */

/* Begin PBXProject section */
		2D011CCC2A2FCDD500D69287 /* Project object */ = {
			isa = PBXProject;
			attributes = {
				BuildIndependentTargetsInParallel = 1;
				LastSwiftUpdateCheck = 1430;
				LastUpgradeCheck = 1430;
				TargetAttributes = {
					2D011CD32A2FCDD500D69287 = {
						CreatedOnToolsVersion = 14.3.1;
					};
					2D011CE92A2FCDD700D69287 = {
						CreatedOnToolsVersion = 14.3.1;
						TestTargetID = 2D011CD32A2FCDD500D69287;
					};
					2D011CF32A2FCDD700D69287 = {
						CreatedOnToolsVersion = 14.3.1;
						TestTargetID = 2D011CD32A2FCDD500D69287;
					};
				};
			};
			buildConfigurationList = 2D011CCF2A2FCDD500D69287 /* Build configuration list for PBXProject "I am Rich" */;
			compatibilityVersion = "Xcode 14.0";
			developmentRegion = en;
			hasScannedForEncodings = 0;
			knownRegions = (
				en,
				Base,
			);
			mainGroup = 2D011CCB2A2FCDD500D69287;
			productRefGroup = 2D011CD52A2FCDD500D69287 /* Products */;
			projectDirPath = "";
			projectRoot = "";
			targets = (
				2D011CD32A2FCDD500D69287 /* I am Rich */,
				2D011CE92A2FCDD700D69287 /* I am RichTests */,
				2D011CF32A2FCDD700D69287 /* I am RichUITests */,
			);
		};
/* End PBXProject section */

/* Begin PBXResourcesBuildPhase section */
		2D011CD22A2FCDD500D69287 /* Resources */ = {
			isa = PBXResourcesBuildPhase;
			buildActionMask = 2147483647;
			files = (
				2D011CE42A2FCDD700D69287 /* LaunchScreen.storyboard in Resources */,
				2D011CE12A2FCDD700D69287 /* Assets.xcassets in Resources */,
				2D011CDF2A2FCDD500D69287 /* Main.storyboard in Resources */,
			);
			runOnlyForDeploymentPostprocessing = 0;
		};
		2D011CE82A2FCDD700D69287 /* Resources */ = {
			isa = PBXResourcesBuildPhase;
			buildActionMask = 2147483647;
			files = (
			);
			runOnlyForDeploymentPostprocessing = 0;
		};
		2D011CF22A2FCDD700D69287 /* Resources */ = {
			isa = PBXResourcesBuildPhase;
			buildActionMask = 2147483647;
			files = (
			);
			runOnlyForDeploymentPostprocessing = 0;
		};
/* End PBXResourcesBuildPhase section */

/* Begin PBXSourcesBuildPhase section */
		2D011CD02A2FCDD500D69287 /* Sources */ = {
			isa = PBXSourcesBuildPhase;
			buildActionMask = 2147483647;
			files = (
				2D011CDC2A2FCDD500D69287 /* ViewController.swift in Sources */,
				2D011CD82A2FCDD500D69287 /* AppDelegate.swift in Sources */,
				2D011CDA2A2FCDD500D69287 /* SceneDelegate.swift in Sources */,
			);
			runOnlyForDeploymentPostprocessing = 0;
		};
		2D011CE62A2FCDD700D69287 /* Sources */ = {
			isa = PBXSourcesBuildPhase;
			buildActionMask = 2147483647;
			files = (
				2D011CEF2A2FCDD700D69287 /* I_am_RichTests.swift in Sources */,
			);
			runOnlyForDeploymentPostprocessing = 0;
		};
		2D011CF02A2FCDD700D69287 /* Sources */ = {
			isa = PBXSourcesBuildPhase;
			buildActionMask = 2147483647;
			files = (
				2D011CFB2A2FCDD700D69287 /* I_am_RichUITestsLaunchTests.swift in Sources */,
				2D011CF92A2FCDD700D69287 /* I_am_RichUITests.swift in Sources */,
			);
			runOnlyForDeploymentPostprocessing = 0;
		};
/* End PBXSourcesBuildPhase section */

/* Begin PBXTargetDependency section */
		2D011CEC2A2FCDD700D69287 /* PBXTargetDependency */ = {
			isa = PBXTargetDependency;
			target = 2D011CD32A2FCDD500D69287 /* I am Rich */;
			targetProxy = 2D011CEB2A2FCDD700D69287 /* PBXContainerItemProxy */;
		};
		2D011CF62A2FCDD700D69287 /* PBXTargetDependency */ = {
			isa = PBXTargetDependency;
			target = 2D011CD32A2FCDD500D69287 /* I am Rich */;
			targetProxy = 2D011CF52A2FCDD700D69287 /* PBXContainerItemProxy */;
		};
/* End PBXTargetDependency section */

/* Begin PBXVariantGroup section */
		2D011CDD2A2FCDD500D69287 /* Main.storyboard */ = {
			isa = PBXVariantGroup;
			children = (
				2D011CDE2A2FCDD500D69287 /* Base */,
			);
			name = Main.storyboard;
			sourceTree = "<group>";
		};
		2D011CE22A2FCDD700D69287 /* LaunchScreen.storyboard */ = {
			isa = PBXVariantGroup;
			children = (
				2D011CE32A2FCDD700D69287 /* Base */,
			);
			name = LaunchScreen.storyboard;
			sourceTree = "<group>";
		};
/* End PBXVariantGroup section */

/* Begin XCBuildConfiguration section */
		2D011CFC2A2FCDD700D69287 /* Debug */ = {
			isa = XCBuildConfiguration;
			buildSettings = {
				ALWAYS_SEARCH_USER_PATHS = NO;
				CLANG_ANALYZER_NONNULL = YES;
				CLANG_ANALYZER_NUMBER_OBJECT_CONVERSION = YES_AGGRESSIVE;
				CLANG_CXX_LANGUAGE_STANDARD = "gnu++20";
				CLANG_ENABLE_MODULES = YES;
				CLANG_ENABLE_OBJC_ARC = YES;
				CLANG_ENABLE_OBJC_WEAK = YES;
				CLANG_WARN_BLOCK_CAPTURE_AUTORELEASING = YES;
				CLANG_WARN_BOOL_CONVERSION = YES;
				CLANG_WARN_COMMA = YES;
				CLANG_WARN_CONSTANT_CONVERSION = YES;
				CLANG_WARN_DEPRECATED_OBJC_IMPLEMENTATIONS = YES;
				CLANG_WARN_DIRECT_OBJC_ISA_USAGE = YES_ERROR;
				CLANG_WARN_DOCUMENTATION_COMMENTS = YES;
				CLANG_WARN_EMPTY_BODY = YES;
				CLANG_WARN_ENUM_CONVERSION = YES;
				CLANG_WARN_INFINITE_RECURSION = YES;
				CLANG_WARN_INT_CONVERSION = YES;
				CLANG_WARN_NON_LITERAL_NULL_CONVERSION = YES;
				CLANG_WARN_OBJC_IMPLICIT_RETAIN_SELF = YES;
				CLANG_WARN_OBJC_LITERAL_CONVERSION = YES;
				CLANG_WARN_OBJC_ROOT_CLASS = YES_ERROR;
				CLANG_WARN_QUOTED_INCLUDE_IN_FRAMEWORK_HEADER = YES;
				CLANG_WARN_RANGE_LOOP_ANALYSIS = YES;
				CLANG_WARN_STRICT_PROTOTYPES = YES;
				CLANG_WARN_SUSPICIOUS_MOVE = YES;
				CLANG_WARN_UNGUARDED_AVAILABILITY = YES_AGGRESSIVE;
				CLANG_WARN_UNREACHABLE_CODE = YES;
				CLANG_WARN__DUPLICATE_METHOD_MATCH = YES;
				COPY_PHASE_STRIP = NO;
				DEBUG_INFORMATION_FORMAT = dwarf;
				ENABLE_STRICT_OBJC_MSGSEND = YES;
				ENABLE_TESTABILITY = YES;
				GCC_C_LANGUAGE_STANDARD = gnu11;
				GCC_DYNAMIC_NO_PIC = NO;
				GCC_NO_COMMON_BLOCKS = YES;
				GCC_OPTIMIZATION_LEVEL = 0;
				GCC_PREPROCESSOR_DEFINITIONS = (
					"DEBUG=1",
					"$(inherited)",
				);
				GCC_WARN_64_TO_32_BIT_CONVERSION = YES;
				GCC_WARN_ABOUT_RETURN_TYPE = YES_ERROR;
				GCC_WARN_UNDECLARED_SELECTOR = YES;
				GCC_WARN_UNINITIALIZED_AUTOS = YES_AGGRESSIVE;
				GCC_WARN_UNUSED_FUNCTION = YES;
				GCC_WARN_UNUSED_VARIABLE = YES;
				IPHONEOS_DEPLOYMENT_TARGET = 16.4;
				MTL_ENABLE_DEBUG_INFO = INCLUDE_SOURCE;
				MTL_FAST_MATH = YES;
				ONLY_ACTIVE_ARCH = YES;
				SDKROOT = iphoneos;
				SWIFT_ACTIVE_COMPILATION_CONDITIONS = DEBUG;
				SWIFT_OPTIMIZATION_LEVEL = "-Onone";
			};
			name = Debug;
		};
		2D011CFD2A2FCDD700D69287 /* Release */ = {
			isa = XCBuildConfiguration;
			buildSettings = {
				ALWAYS_SEARCH_USER_PATHS = NO;
				CLANG_ANALYZER_NONNULL = YES;
				CLANG_ANALYZER_NUMBER_OBJECT_CONVERSION = YES_AGGRESSIVE;
				CLANG_CXX_LANGUAGE_STANDARD = "gnu++20";
				CLANG_ENABLE_MODULES = YES;
				CLANG_ENABLE_OBJC_ARC = YES;
				CLANG_ENABLE_OBJC_WEAK = YES;
				CLANG_WARN_BLOCK_CAPTURE_AUTORELEASING = YES;
				CLANG_WARN_BOOL_CONVERSION = YES;
				CLANG_WARN_COMMA = YES;
				CLANG_WARN_CONSTANT_CONVERSION = YES;
				CLANG_WARN_DEPRECATED_OBJC_IMPLEMENTATIONS = YES;
				CLANG_WARN_DIRECT_OBJC_ISA_USAGE = YES_ERROR;
				CLANG_WARN_DOCUMENTATION_COMMENTS = YES;
				CLANG_WARN_EMPTY_BODY = YES;
				CLANG_WARN_ENUM_CONVERSION = YES;
				CLANG_WARN_INFINITE_RECURSION = YES;
				CLANG_WARN_INT_CONVERSION = YES;
				CLANG_WARN_NON_LITERAL_NULL_CONVERSION = YES;
				CLANG_WARN_OBJC_IMPLICIT_RETAIN_SELF = YES;
				CLANG_WARN_OBJC_LITERAL_CONVERSION = YES;
				CLANG_WARN_OBJC_ROOT_CLASS = YES_ERROR;
				CLANG_WARN_QUOTED_INCLUDE_IN_FRAMEWORK_HEADER = YES;
				CLANG_WARN_RANGE_LOOP_ANALYSIS = YES;
				CLANG_WARN_STRICT_PROTOTYPES = YES;
				CLANG_WARN_SUSPICIOUS_MOVE = YES;
				CLANG_WARN_UNGUARDED_AVAILABILITY = YES_AGGRESSIVE;
				CLANG_WARN_UNREACHABLE_CODE = YES;
				CLANG_WARN__DUPLICATE_METHOD_MATCH = YES;
				COPY_PHASE_STRIP = NO;
				DEBUG_INFORMATION_FORMAT = "dwarf-with-dsym";
				ENABLE_NS_ASSERTIONS = NO;
				ENABLE_STRICT_OBJC_MSGSEND = YES;
				GCC_C_LANGUAGE_STANDARD = gnu11;
				GCC_NO_COMMON_BLOCKS = YES;
				GCC_WARN_64_TO_32_BIT_CONVERSION = YES;
				GCC_WARN_ABOUT_RETURN_TYPE = YES_ERROR;
				GCC_WARN_UNDECLARED_SELECTOR = YES;
				GCC_WARN_UNINITIALIZED_AUTOS = YES_AGGRESSIVE;
				GCC_WARN_UNUSED_FUNCTION = YES;
				GCC_WARN_UNUSED_VARIABLE = YES;
				IPHONEOS_DEPLOYMENT_TARGET = 16.4;
				MTL_ENABLE_DEBUG_INFO = NO;
				MTL_FAST_MATH = YES;
				SDKROOT = iphoneos;
				SWIFT_COMPILATION_MODE = wholemodule;
				SWIFT_OPTIMIZATION_LEVEL = "-O";
				VALIDATE_PRODUCT = YES;
			};
			name = Release;
		};
		2D011CFF2A2FCDD700D69287 /* Debug */ = {
			isa = XCBuildConfiguration;
			buildSettings = {
				ASSETCATALOG_COMPILER_APPICON_NAME = AppIcon;
				ASSETCATALOG_COMPILER_GLOBAL_ACCENT_COLOR_NAME = AccentColor;
				CODE_SIGN_STYLE = Automatic;
				CURRENT_PROJECT_VERSION = 1;
				GENERATE_INFOPLIST_FILE = YES;
				INFOPLIST_FILE = "I am Rich/Info.plist";
				INFOPLIST_KEY_UIApplicationSupportsIndirectInputEvents = YES;
				INFOPLIST_KEY_UILaunchStoryboardName = LaunchScreen;
				INFOPLIST_KEY_UIMainStoryboardFile = Main;
				INFOPLIST_KEY_UISupportedInterfaceOrientations_iPad = "UIInterfaceOrientationPortrait UIInterfaceOrientationPortraitUpsideDown UIInterfaceOrientationLandscapeLeft UIInterfaceOrientationLandscapeRight";
				INFOPLIST_KEY_UISupportedInterfaceOrientations_iPhone = "UIInterfaceOrientationPortrait UIInterfaceOrientationLandscapeLeft UIInterfaceOrientationLandscapeRight";
				LD_RUNPATH_SEARCH_PATHS = (
					"$(inherited)",
					"@executable_path/Frameworks",
				);
				MARKETING_VERSION = 1.0;
				PRODUCT_BUNDLE_IDENTIFIER = "ICK.LLC.I-am-Rich";
				PRODUCT_NAME = "$(TARGET_NAME)";
				SWIFT_EMIT_LOC_STRINGS = YES;
				SWIFT_VERSION = 5.0;
				TARGETED_DEVICE_FAMILY = "1,2";
			};
			name = Debug;
		};
		2D011D002A2FCDD700D69287 /* Release */ = {
			isa = XCBuildConfiguration;
			buildSettings = {
				ASSETCATALOG_COMPILER_APPICON_NAME = AppIcon;
				ASSETCATALOG_COMPILER_GLOBAL_ACCENT_COLOR_NAME = AccentColor;
				CODE_SIGN_STYLE = Automatic;
				CURRENT_PROJECT_VERSION = 1;
				GENERATE_INFOPLIST_FILE = YES;
				INFOPLIST_FILE = "I am Rich/Info.plist";
				INFOPLIST_KEY_UIApplicationSupportsIndirectInputEvents = YES;
				INFOPLIST_KEY_UILaunchStoryboardName = LaunchScreen;
				INFOPLIST_KEY_UIMainStoryboardFile = Main;
				INFOPLIST_KEY_UISupportedInterfaceOrientations_iPad = "UIInterfaceOrientationPortrait UIInterfaceOrientationPortraitUpsideDown UIInterfaceOrientationLandscapeLeft UIInterfaceOrientationLandscapeRight";
				INFOPLIST_KEY_UISupportedInterfaceOrientations_iPhone = "UIInterfaceOrientationPortrait UIInterfaceOrientationLandscapeLeft UIInterfaceOrientationLandscapeRight";
				LD_RUNPATH_SEARCH_PATHS = (
					"$(inherited)",
					"@executable_path/Frameworks",
				);
				MARKETING_VERSION = 1.0;
				PRODUCT_BUNDLE_IDENTIFIER = "ICK.LLC.I-am-Rich";
				PRODUCT_NAME = "$(TARGET_NAME)";
				SWIFT_EMIT_LOC_STRINGS = YES;
				SWIFT_VERSION = 5.0;
				TARGETED_DEVICE_FAMILY = "1,2";
			};
			name = Release;
		};
		2D011D022A2FCDD700D69287 /* Debug */ = {
			isa = XCBuildConfiguration;
			buildSettings = {
				ALWAYS_EMBED_SWIFT_STANDARD_LIBRARIES = YES;
				BUNDLE_LOADER = "$(TEST_HOST)";
				CODE_SIGN_STYLE = Automatic;
				CURRENT_PROJECT_VERSION = 1;
				GENERATE_INFOPLIST_FILE = YES;
				IPHONEOS_DEPLOYMENT_TARGET = 16.4;
				MARKETING_VERSION = 1.0;
				PRODUCT_BUNDLE_IDENTIFIER = "ICK.LLC.I-am-RichTests";
				PRODUCT_NAME = "$(TARGET_NAME)";
				SWIFT_EMIT_LOC_STRINGS = NO;
				SWIFT_VERSION = 5.0;
				TARGETED_DEVICE_FAMILY = "1,2";
				TEST_HOST = "$(BUILT_PRODUCTS_DIR)/I am Rich.app/$(BUNDLE_EXECUTABLE_FOLDER_PATH)/I am Rich";
			};
			name = Debug;
		};
		2D011D032A2FCDD700D69287 /* Release */ = {
			isa = XCBuildConfiguration;
			buildSettings = {
				ALWAYS_EMBED_SWIFT_STANDARD_LIBRARIES = YES;
				BUNDLE_LOADER = "$(TEST_HOST)";
				CODE_SIGN_STYLE = Automatic;
				CURRENT_PROJECT_VERSION = 1;
				GENERATE_INFOPLIST_FILE = YES;
				IPHONEOS_DEPLOYMENT_TARGET = 16.4;
				MARKETING_VERSION = 1.0;
				PRODUCT_BUNDLE_IDENTIFIER = "ICK.LLC.I-am-RichTests";
				PRODUCT_NAME = "$(TARGET_NAME)";
				SWIFT_EMIT_LOC_STRINGS = NO;
				SWIFT_VERSION = 5.0;
				TARGETED_DEVICE_FAMILY = "1,2";
				TEST_HOST = "$(BUILT_PRODUCTS_DIR)/I am Rich.app/$(BUNDLE_EXECUTABLE_FOLDER_PATH)/I am Rich";
			};
			name = Release;
		};
		2D011D052A2FCDD700D69287 /* Debug */ = {
			isa = XCBuildConfiguration;
			buildSettings = {
				ALWAYS_EMBED_SWIFT_STANDARD_LIBRARIES = YES;
				CODE_SIGN_STYLE = Automatic;
				CURRENT_PROJECT_VERSION = 1;
				GENERATE_INFOPLIST_FILE = YES;
				MARKETING_VERSION = 1.0;
				PRODUCT_BUNDLE_IDENTIFIER = "ICK.LLC.I-am-RichUITests";
				PRODUCT_NAME = "$(TARGET_NAME)";
				SWIFT_EMIT_LOC_STRINGS = NO;
				SWIFT_VERSION = 5.0;
				TARGETED_DEVICE_FAMILY = "1,2";
				TEST_TARGET_NAME = "I am Rich";
			};
			name = Debug;
		};
		2D011D062A2FCDD700D69287 /* Release */ = {
			isa = XCBuildConfiguration;
			buildSettings = {
				ALWAYS_EMBED_SWIFT_STANDARD_LIBRARIES = YES;
				CODE_SIGN_STYLE = Automatic;
				CURRENT_PROJECT_VERSION = 1;
				GENERATE_INFOPLIST_FILE = YES;
				MARKETING_VERSION = 1.0;
				PRODUCT_BUNDLE_IDENTIFIER = "ICK.LLC.I-am-RichUITests";
				PRODUCT_NAME = "$(TARGET_NAME)";
				SWIFT_EMIT_LOC_STRINGS = NO;
				SWIFT_VERSION = 5.0;
				TARGETED_DEVICE_FAMILY = "1,2";
				TEST_TARGET_NAME = "I am Rich";
			};
			name = Release;
		};
/* End XCBuildConfiguration section */

/* Begin XCConfigurationList section */
		2D011CCF2A2FCDD500D69287 /* Build configuration list for PBXProject "I am Rich" */ = {
			isa = XCConfigurationList;
			buildConfigurations = (
				2D011CFC2A2FCDD700D69287 /* Debug */,
				2D011CFD2A2FCDD700D69287 /* Release */,
			);
			defaultConfigurationIsVisible = 0;
			defaultConfigurationName = Release;
		};
		2D011CFE2A2FCDD700D69287 /* Build configuration list for PBXNativeTarget "I am Rich" */ = {
			isa = XCConfigurationList;
			buildConfigurations = (
				2D011CFF2A2FCDD700D69287 /* Debug */,
				2D011D002A2FCDD700D69287 /* Release */,
			);
			defaultConfigurationIsVisible = 0;
			defaultConfigurationName = Release;
		};
		2D011D012A2FCDD700D69287 /* Build configuration list for PBXNativeTarget "I am RichTests" */ = {
			isa = XCConfigurationList;
			buildConfigurations = (
				2D011D022A2FCDD700D69287 /* Debug */,
				2D011D032A2FCDD700D69287 /* Release */,
			);
			defaultConfigurationIsVisible = 0;
			defaultConfigurationName = Release;
		};
		2D011D042A2FCDD700D69287 /* Build configuration list for PBXNativeTarget "I am RichUITests" */ = {
			isa = XCConfigurationList;
			buildConfigurations = (
				2D011D052A2FCDD700D69287 /* Debug */,
				2D011D062A2FCDD700D69287 /* Release */,
			);
			defaultConfigurationIsVisible = 0;
			defaultConfigurationName = Release;
		};
/* End XCConfigurationList section */
	};
	rootObject = 2D011CCC2A2FCDD500D69287 /* Project object */;
}
